// !$*UTF8*$!
{
	archiveVersion = 1;
	classes = {
	};
	objectVersion = 50;
	objects = {

/* Begin PBXBuildFile section */
		850D018F261DA61F0031DCDB /* KeyEventHandler.swift in Sources */ = {isa = PBXBuildFile; fileRef = 850D018E261DA61F0031DCDB /* KeyEventHandler.swift */; };
		851DE8AC261F40CE006312AF /* MainView.swift in Sources */ = {isa = PBXBuildFile; fileRef = 851DE8AB261F40CE006312AF /* MainView.swift */; };
		85782BA2264E8AF600B6CD9C /* GameDifficulty.swift in Sources */ = {isa = PBXBuildFile; fileRef = 85782BA1264E8AF600B6CD9C /* GameDifficulty.swift */; };
		85782BA4264E8B0D00B6CD9C /* GameSettings.swift in Sources */ = {isa = PBXBuildFile; fileRef = 85782BA3264E8B0D00B6CD9C /* GameSettings.swift */; };
		85782BA6264E9D4500B6CD9C /* ViewExtension.swift in Sources */ = {isa = PBXBuildFile; fileRef = 85782BA5264E9D4500B6CD9C /* ViewExtension.swift */; };
		85CA618B261EEE9E0093EBE0 /* Constants.swift in Sources */ = {isa = PBXBuildFile; fileRef = 85CA618A261EEE9E0093EBE0 /* Constants.swift */; };
		85CA618F261EEF780093EBE0 /* LevelTileType.swift in Sources */ = {isa = PBXBuildFile; fileRef = 85CA618E261EEF780093EBE0 /* LevelTileType.swift */; };
		85CA6192261EEF980093EBE0 /* MoveDirection.swift in Sources */ = {isa = PBXBuildFile; fileRef = 85CA6191261EEF980093EBE0 /* MoveDirection.swift */; };
		85CA6195261EEFA40093EBE0 /* GameOverType.swift in Sources */ = {isa = PBXBuildFile; fileRef = 85CA6194261EEFA40093EBE0 /* GameOverType.swift */; };
		85CA61A3261EF2800093EBE0 /* CGPointExtension.swift in Sources */ = {isa = PBXBuildFile; fileRef = 85CA61A2261EF2800093EBE0 /* CGPointExtension.swift */; };
		85CA61A7261EF3950093EBE0 /* GameState.swift in Sources */ = {isa = PBXBuildFile; fileRef = 85CA61A6261EF3950093EBE0 /* GameState.swift */; };
		85CA61AB261F06000093EBE0 /* RootView.swift in Sources */ = {isa = PBXBuildFile; fileRef = 85CA61AA261F06000093EBE0 /* RootView.swift */; };
		85CF0F13261D8712008595B0 /* SwitchSnakeApp.swift in Sources */ = {isa = PBXBuildFile; fileRef = 85CF0F12261D8712008595B0 /* SwitchSnakeApp.swift */; };
		85CF0F15261D8712008595B0 /* GameView.swift in Sources */ = {isa = PBXBuildFile; fileRef = 85CF0F14261D8712008595B0 /* GameView.swift */; };
		85CF0F17261D8715008595B0 /* Assets.xcassets in Resources */ = {isa = PBXBuildFile; fileRef = 85CF0F16261D8715008595B0 /* Assets.xcassets */; };
		85CF0F1A261D8715008595B0 /* Preview Assets.xcassets in Resources */ = {isa = PBXBuildFile; fileRef = 85CF0F19261D8715008595B0 /* Preview Assets.xcassets */; };
/* End PBXBuildFile section */

/* Begin PBXFileReference section */
		850D018E261DA61F0031DCDB /* KeyEventHandler.swift */ = {isa = PBXFileReference; lastKnownFileType = sourcecode.swift; path = KeyEventHandler.swift; sourceTree = "<group>"; };
		851DE8AB261F40CE006312AF /* MainView.swift */ = {isa = PBXFileReference; lastKnownFileType = sourcecode.swift; path = MainView.swift; sourceTree = "<group>"; };
		85782BA1264E8AF600B6CD9C /* GameDifficulty.swift */ = {isa = PBXFileReference; lastKnownFileType = sourcecode.swift; path = GameDifficulty.swift; sourceTree = "<group>"; };
		85782BA3264E8B0D00B6CD9C /* GameSettings.swift */ = {isa = PBXFileReference; lastKnownFileType = sourcecode.swift; path = GameSettings.swift; sourceTree = "<group>"; };
		85782BA5264E9D4500B6CD9C /* ViewExtension.swift */ = {isa = PBXFileReference; lastKnownFileType = sourcecode.swift; path = ViewExtension.swift; sourceTree = "<group>"; };
		85CA618A261EEE9E0093EBE0 /* Constants.swift */ = {isa = PBXFileReference; lastKnownFileType = sourcecode.swift; path = Constants.swift; sourceTree = "<group>"; };
		85CA618E261EEF780093EBE0 /* LevelTileType.swift */ = {isa = PBXFileReference; lastKnownFileType = sourcecode.swift; path = LevelTileType.swift; sourceTree = "<group>"; };
		85CA6191261EEF980093EBE0 /* MoveDirection.swift */ = {isa = PBXFileReference; lastKnownFileType = sourcecode.swift; path = MoveDirection.swift; sourceTree = "<group>"; };
		85CA6194261EEFA40093EBE0 /* GameOverType.swift */ = {isa = PBXFileReference; lastKnownFileType = sourcecode.swift; path = GameOverType.swift; sourceTree = "<group>"; };
		85CA61A2261EF2800093EBE0 /* CGPointExtension.swift */ = {isa = PBXFileReference; lastKnownFileType = sourcecode.swift; path = CGPointExtension.swift; sourceTree = "<group>"; };
		85CA61A6261EF3950093EBE0 /* GameState.swift */ = {isa = PBXFileReference; lastKnownFileType = sourcecode.swift; path = GameState.swift; sourceTree = "<group>"; };
		85CA61AA261F06000093EBE0 /* RootView.swift */ = {isa = PBXFileReference; lastKnownFileType = sourcecode.swift; path = RootView.swift; sourceTree = "<group>"; };
		85CF0F0F261D8712008595B0 /* SwitchSnake.app */ = {isa = PBXFileReference; explicitFileType = wrapper.application; includeInIndex = 0; path = SwitchSnake.app; sourceTree = BUILT_PRODUCTS_DIR; };
		85CF0F12261D8712008595B0 /* SwitchSnakeApp.swift */ = {isa = PBXFileReference; lastKnownFileType = sourcecode.swift; path = SwitchSnakeApp.swift; sourceTree = "<group>"; };
		85CF0F14261D8712008595B0 /* GameView.swift */ = {isa = PBXFileReference; lastKnownFileType = sourcecode.swift; path = GameView.swift; sourceTree = "<group>"; };
		85CF0F16261D8715008595B0 /* Assets.xcassets */ = {isa = PBXFileReference; lastKnownFileType = folder.assetcatalog; path = Assets.xcassets; sourceTree = "<group>"; };
		85CF0F19261D8715008595B0 /* Preview Assets.xcassets */ = {isa = PBXFileReference; lastKnownFileType = folder.assetcatalog; path = "Preview Assets.xcassets"; sourceTree = "<group>"; };
		85CF0F1B261D8715008595B0 /* Info.plist */ = {isa = PBXFileReference; lastKnownFileType = text.plist.xml; path = Info.plist; sourceTree = "<group>"; };
		85CF0F1C261D8715008595B0 /* SwitchSnake.entitlements */ = {isa = PBXFileReference; lastKnownFileType = text.plist.entitlements; path = SwitchSnake.entitlements; sourceTree = "<group>"; };
/* End PBXFileReference section */

/* Begin PBXFrameworksBuildPhase section */
		85CF0F0C261D8712008595B0 /* Frameworks */ = {
			isa = PBXFrameworksBuildPhase;
			buildActionMask = 2147483647;
			files = (
			);
			runOnlyForDeploymentPostprocessing = 0;
		};
/* End PBXFrameworksBuildPhase section */

/* Begin PBXGroup section */
		85CA618D261EEF5B0093EBE0 /* Model */ = {
			isa = PBXGroup;
			children = (
				85CA618E261EEF780093EBE0 /* LevelTileType.swift */,
				85CA6191261EEF980093EBE0 /* MoveDirection.swift */,
				85CA6194261EEFA40093EBE0 /* GameOverType.swift */,
				85782BA1264E8AF600B6CD9C /* GameDifficulty.swift */,
				85782BA3264E8B0D00B6CD9C /* GameSettings.swift */,
			);
			path = Model;
			sourceTree = "<group>";
		};
		85CA6197261EEFB50093EBE0 /* Common */ = {
			isa = PBXGroup;
			children = (
				85CA618A261EEE9E0093EBE0 /* Constants.swift */,
				850D018E261DA61F0031DCDB /* KeyEventHandler.swift */,
			);
			path = Common;
			sourceTree = "<group>";
		};
		85CA619B261EF1FC0093EBE0 /* View */ = {
			isa = PBXGroup;
			children = (
				85CF0F14261D8712008595B0 /* GameView.swift */,
				85CA61AA261F06000093EBE0 /* RootView.swift */,
				851DE8AB261F40CE006312AF /* MainView.swift */,
			);
			path = View;
			sourceTree = "<group>";
		};
		85CA619C261EF2100093EBE0 /* Source */ = {
			isa = PBXGroup;
			children = (
				85CA61A1261EF26C0093EBE0 /* Extension */,
				85CA619B261EF1FC0093EBE0 /* View */,
				85CA6197261EEFB50093EBE0 /* Common */,
				85CA618D261EEF5B0093EBE0 /* Model */,
				85CF0F12261D8712008595B0 /* SwitchSnakeApp.swift */,
				85CA61A6261EF3950093EBE0 /* GameState.swift */,
			);
			path = Source;
			sourceTree = "<group>";
		};
		85CA619D261EF21A0093EBE0 /* Resources */ = {
			isa = PBXGroup;
			children = (
				85CF0F18261D8715008595B0 /* Preview Content */,
				85CF0F16261D8715008595B0 /* Assets.xcassets */,
				85CF0F1B261D8715008595B0 /* Info.plist */,
				85CF0F1C261D8715008595B0 /* SwitchSnake.entitlements */,
			);
			path = Resources;
			sourceTree = "<group>";
		};
		85CA61A1261EF26C0093EBE0 /* Extension */ = {
			isa = PBXGroup;
			children = (
				85CA61A2261EF2800093EBE0 /* CGPointExtension.swift */,
				85782BA5264E9D4500B6CD9C /* ViewExtension.swift */,
			);
			path = Extension;
			sourceTree = "<group>";
		};
		85CF0F06261D8712008595B0 = {
			isa = PBXGroup;
			children = (
				85CF0F11261D8712008595B0 /* SwitchSnake */,
				85CF0F10261D8712008595B0 /* Products */,
			);
			sourceTree = "<group>";
		};
		85CF0F10261D8712008595B0 /* Products */ = {
			isa = PBXGroup;
			children = (
				85CF0F0F261D8712008595B0 /* SwitchSnake.app */,
			);
			name = Products;
			sourceTree = "<group>";
		};
		85CF0F11261D8712008595B0 /* SwitchSnake */ = {
			isa = PBXGroup;
			children = (
				85CA619D261EF21A0093EBE0 /* Resources */,
				85CA619C261EF2100093EBE0 /* Source */,
			);
			path = SwitchSnake;
			sourceTree = "<group>";
		};
		85CF0F18261D8715008595B0 /* Preview Content */ = {
			isa = PBXGroup;
			children = (
				85CF0F19261D8715008595B0 /* Preview Assets.xcassets */,
			);
			path = "Preview Content";
			sourceTree = "<group>";
		};
/* End PBXGroup section */

/* Begin PBXNativeTarget section */
		85CF0F0E261D8712008595B0 /* SwitchSnake */ = {
			isa = PBXNativeTarget;
			buildConfigurationList = 85CF0F1F261D8715008595B0 /* Build configuration list for PBXNativeTarget "SwitchSnake" */;
			buildPhases = (
				85CF0F0B261D8712008595B0 /* Sources */,
				85CF0F0C261D8712008595B0 /* Frameworks */,
				85CF0F0D261D8712008595B0 /* Resources */,
			);
			buildRules = (
			);
			dependencies = (
			);
			name = SwitchSnake;
			productName = SwitchSnake;
			productReference = 85CF0F0F261D8712008595B0 /* SwitchSnake.app */;
			productType = "com.apple.product-type.application";
		};
/* End PBXNativeTarget section */

/* Begin PBXProject section */
		85CF0F07261D8712008595B0 /* Project object */ = {
			isa = PBXProject;
			attributes = {
				LastSwiftUpdateCheck = 1240;
				LastUpgradeCheck = 1240;
				TargetAttributes = {
					85CF0F0E261D8712008595B0 = {
						CreatedOnToolsVersion = 12.4;
					};
				};
			};
			buildConfigurationList = 85CF0F0A261D8712008595B0 /* Build configuration list for PBXProject "SwitchSnake" */;
			compatibilityVersion = "Xcode 9.3";
			developmentRegion = en;
			hasScannedForEncodings = 0;
			knownRegions = (
				en,
				Base,
			);
			mainGroup = 85CF0F06261D8712008595B0;
			productRefGroup = 85CF0F10261D8712008595B0 /* Products */;
			projectDirPath = "";
			projectRoot = "";
			targets = (
				85CF0F0E261D8712008595B0 /* SwitchSnake */,
			);
		};
/* End PBXProject section */

/* Begin PBXResourcesBuildPhase section */
		85CF0F0D261D8712008595B0 /* Resources */ = {
			isa = PBXResourcesBuildPhase;
			buildActionMask = 2147483647;
			files = (
				85CF0F1A261D8715008595B0 /* Preview Assets.xcassets in Resources */,
				85CF0F17261D8715008595B0 /* Assets.xcassets in Resources */,
			);
			runOnlyForDeploymentPostprocessing = 0;
		};
/* End PBXResourcesBuildPhase section */

/* Begin PBXSourcesBuildPhase section */
		85CF0F0B261D8712008595B0 /* Sources */ = {
			isa = PBXSourcesBuildPhase;
			buildActionMask = 2147483647;
			files = (
				85CA6192261EEF980093EBE0 /* MoveDirection.swift in Sources */,
				850D018F261DA61F0031DCDB /* KeyEventHandler.swift in Sources */,
				85782BA4264E8B0D00B6CD9C /* GameSettings.swift in Sources */,
				85CF0F15261D8712008595B0 /* GameView.swift in Sources */,
				85CA61AB261F06000093EBE0 /* RootView.swift in Sources */,
				85782BA2264E8AF600B6CD9C /* GameDifficulty.swift in Sources */,
				85CA6195261EEFA40093EBE0 /* GameOverType.swift in Sources */,
				85CA618F261EEF780093EBE0 /* LevelTileType.swift in Sources */,
				85CF0F13261D8712008595B0 /* SwitchSnakeApp.swift in Sources */,
				851DE8AC261F40CE006312AF /* MainView.swift in Sources */,
				85782BA6264E9D4500B6CD9C /* ViewExtension.swift in Sources */,
				85CA61A7261EF3950093EBE0 /* GameState.swift in Sources */,
				85CA618B261EEE9E0093EBE0 /* Constants.swift in Sources */,
				85CA61A3261EF2800093EBE0 /* CGPointExtension.swift in Sources */,
			);
			runOnlyForDeploymentPostprocessing = 0;
		};
/* End PBXSourcesBuildPhase section */

/* Begin XCBuildConfiguration section */
		85CF0F1D261D8715008595B0 /* Debug */ = {
			isa = XCBuildConfiguration;
			buildSettings = {
				ALWAYS_SEARCH_USER_PATHS = NO;
				CLANG_ANALYZER_NONNULL = YES;
				CLANG_ANALYZER_NUMBER_OBJECT_CONVERSION = YES_AGGRESSIVE;
				CLANG_CXX_LANGUAGE_STANDARD = "gnu++14";
				CLANG_CXX_LIBRARY = "libc++";
				CLANG_ENABLE_MODULES = YES;
				CLANG_ENABLE_OBJC_ARC = YES;
				CLANG_ENABLE_OBJC_WEAK = YES;
				CLANG_WARN_BLOCK_CAPTURE_AUTORELEASING = YES;
				CLANG_WARN_BOOL_CONVERSION = YES;
				CLANG_WARN_COMMA = YES;
				CLANG_WARN_CONSTANT_CONVERSION = YES;
				CLANG_WARN_DEPRECATED_OBJC_IMPLEMENTATIONS = YES;
				CLANG_WARN_DIRECT_OBJC_ISA_USAGE = YES_ERROR;
				CLANG_WARN_DOCUMENTATION_COMMENTS = YES;
				CLANG_WARN_EMPTY_BODY = YES;
				CLANG_WARN_ENUM_CONVERSION = YES;
				CLANG_WARN_INFINITE_RECURSION = YES;
				CLANG_WARN_INT_CONVERSION = YES;
				CLANG_WARN_NON_LITERAL_NULL_CONVERSION = YES;
				CLANG_WARN_OBJC_IMPLICIT_RETAIN_SELF = YES;
				CLANG_WARN_OBJC_LITERAL_CONVERSION = YES;
				CLANG_WARN_OBJC_ROOT_CLASS = YES_ERROR;
				CLANG_WARN_QUOTED_INCLUDE_IN_FRAMEWORK_HEADER = YES;
				CLANG_WARN_RANGE_LOOP_ANALYSIS = YES;
				CLANG_WARN_STRICT_PROTOTYPES = YES;
				CLANG_WARN_SUSPICIOUS_MOVE = YES;
				CLANG_WARN_UNGUARDED_AVAILABILITY = YES_AGGRESSIVE;
				CLANG_WARN_UNREACHABLE_CODE = YES;
				CLANG_WARN__DUPLICATE_METHOD_MATCH = YES;
				COPY_PHASE_STRIP = NO;
				DEBUG_INFORMATION_FORMAT = dwarf;
				ENABLE_STRICT_OBJC_MSGSEND = YES;
				ENABLE_TESTABILITY = YES;
				GCC_C_LANGUAGE_STANDARD = gnu11;
				GCC_DYNAMIC_NO_PIC = NO;
				GCC_NO_COMMON_BLOCKS = YES;
				GCC_OPTIMIZATION_LEVEL = 0;
				GCC_PREPROCESSOR_DEFINITIONS = (
					"DEBUG=1",
					"$(inherited)",
				);
				GCC_WARN_64_TO_32_BIT_CONVERSION = YES;
				GCC_WARN_ABOUT_RETURN_TYPE = YES_ERROR;
				GCC_WARN_UNDECLARED_SELECTOR = YES;
				GCC_WARN_UNINITIALIZED_AUTOS = YES_AGGRESSIVE;
				GCC_WARN_UNUSED_FUNCTION = YES;
				GCC_WARN_UNUSED_VARIABLE = YES;
				MACOSX_DEPLOYMENT_TARGET = 11.1;
				MTL_ENABLE_DEBUG_INFO = INCLUDE_SOURCE;
				MTL_FAST_MATH = YES;
				ONLY_ACTIVE_ARCH = YES;
				SDKROOT = macosx;
				SWIFT_ACTIVE_COMPILATION_CONDITIONS = DEBUG;
				SWIFT_OPTIMIZATION_LEVEL = "-Onone";
			};
			name = Debug;
		};
		85CF0F1E261D8715008595B0 /* Release */ = {
			isa = XCBuildConfiguration;
			buildSettings = {
				ALWAYS_SEARCH_USER_PATHS = NO;
				CLANG_ANALYZER_NONNULL = YES;
				CLANG_ANALYZER_NUMBER_OBJECT_CONVERSION = YES_AGGRESSIVE;
				CLANG_CXX_LANGUAGE_STANDARD = "gnu++14";
				CLANG_CXX_LIBRARY = "libc++";
				CLANG_ENABLE_MODULES = YES;
				CLANG_ENABLE_OBJC_ARC = YES;
				CLANG_ENABLE_OBJC_WEAK = YES;
				CLANG_WARN_BLOCK_CAPTURE_AUTORELEASING = YES;
				CLANG_WARN_BOOL_CONVERSION = YES;
				CLANG_WARN_COMMA = YES;
				CLANG_WARN_CONSTANT_CONVERSION = YES;
				CLANG_WARN_DEPRECATED_OBJC_IMPLEMENTATIONS = YES;
				CLANG_WARN_DIRECT_OBJC_ISA_USAGE = YES_ERROR;
				CLANG_WARN_DOCUMENTATION_COMMENTS = YES;
				CLANG_WARN_EMPTY_BODY = YES;
				CLANG_WARN_ENUM_CONVERSION = YES;
				CLANG_WARN_INFINITE_RECURSION = YES;
				CLANG_WARN_INT_CONVERSION = YES;
				CLANG_WARN_NON_LITERAL_NULL_CONVERSION = YES;
				CLANG_WARN_OBJC_IMPLICIT_RETAIN_SELF = YES;
				CLANG_WARN_OBJC_LITERAL_CONVERSION = YES;
				CLANG_WARN_OBJC_ROOT_CLASS = YES_ERROR;
				CLANG_WARN_QUOTED_INCLUDE_IN_FRAMEWORK_HEADER = YES;
				CLANG_WARN_RANGE_LOOP_ANALYSIS = YES;
				CLANG_WARN_STRICT_PROTOTYPES = YES;
				CLANG_WARN_SUSPICIOUS_MOVE = YES;
				CLANG_WARN_UNGUARDED_AVAILABILITY = YES_AGGRESSIVE;
				CLANG_WARN_UNREACHABLE_CODE = YES;
				CLANG_WARN__DUPLICATE_METHOD_MATCH = YES;
				COPY_PHASE_STRIP = NO;
				DEBUG_INFORMATION_FORMAT = "dwarf-with-dsym";
				ENABLE_NS_ASSERTIONS = NO;
				ENABLE_STRICT_OBJC_MSGSEND = YES;
				GCC_C_LANGUAGE_STANDARD = gnu11;
				GCC_NO_COMMON_BLOCKS = YES;
				GCC_WARN_64_TO_32_BIT_CONVERSION = YES;
				GCC_WARN_ABOUT_RETURN_TYPE = YES_ERROR;
				GCC_WARN_UNDECLARED_SELECTOR = YES;
				GCC_WARN_UNINITIALIZED_AUTOS = YES_AGGRESSIVE;
				GCC_WARN_UNUSED_FUNCTION = YES;
				GCC_WARN_UNUSED_VARIABLE = YES;
				MACOSX_DEPLOYMENT_TARGET = 11.1;
				MTL_ENABLE_DEBUG_INFO = NO;
				MTL_FAST_MATH = YES;
				SDKROOT = macosx;
				SWIFT_COMPILATION_MODE = wholemodule;
				SWIFT_OPTIMIZATION_LEVEL = "-O";
			};
			name = Release;
		};
		85CF0F20261D8715008595B0 /* Debug */ = {
			isa = XCBuildConfiguration;
			buildSettings = {
				ASSETCATALOG_COMPILER_APPICON_NAME = AppIcon;
				ASSETCATALOG_COMPILER_GLOBAL_ACCENT_COLOR_NAME = AccentColor;
				CODE_SIGN_ENTITLEMENTS = SwitchSnake/Resources/SwitchSnake.entitlements;
				CODE_SIGN_STYLE = Automatic;
				COMBINE_HIDPI_IMAGES = YES;
				DEVELOPMENT_ASSET_PATHS = "\"SwitchSnake/Resources/Preview Content\"";
				ENABLE_PREVIEWS = YES;
				INFOPLIST_FILE = SwitchSnake/Resources/Info.plist;
				LD_RUNPATH_SEARCH_PATHS = (
					"$(inherited)",
					"@executable_path/../Frameworks",
				);
				MACOSX_DEPLOYMENT_TARGET = 11.0;
				PRODUCT_BUNDLE_IDENTIFIER = com.mprice.SwitchSnake;
				PRODUCT_NAME = "$(TARGET_NAME)";
				SWIFT_VERSION = 5.0;
			};
			name = Debug;
		};
		85CF0F21261D8715008595B0 /* Release */ = {
			isa = XCBuildConfiguration;
			buildSettings = {
				ASSETCATALOG_COMPILER_APPICON_NAME = AppIcon;
				ASSETCATALOG_COMPILER_GLOBAL_ACCENT_COLOR_NAME = AccentColor;
				CODE_SIGN_ENTITLEMENTS = SwitchSnake/Resources/SwitchSnake.entitlements;
				CODE_SIGN_STYLE = Automatic;
				COMBINE_HIDPI_IMAGES = YES;
				DEVELOPMENT_ASSET_PATHS = "\"SwitchSnake/Resources/Preview Content\"";
				ENABLE_PREVIEWS = YES;
				INFOPLIST_FILE = SwitchSnake/Resources/Info.plist;
				LD_RUNPATH_SEARCH_PATHS = (
					"$(inherited)",
					"@executable_path/../Frameworks",
				);
				MACOSX_DEPLOYMENT_TARGET = 11.0;
				PRODUCT_BUNDLE_IDENTIFIER = com.mprice.SwitchSnake;
				PRODUCT_NAME = "$(TARGET_NAME)";
				SWIFT_VERSION = 5.0;
			};
			name = Release;
		};
/* End XCBuildConfiguration section */

/* Begin XCConfigurationList section */
		85CF0F0A261D8712008595B0 /* Build configuration list for PBXProject "SwitchSnake" */ = {
			isa = XCConfigurationList;
			buildConfigurations = (
				85CF0F1D261D8715008595B0 /* Debug */,
				85CF0F1E261D8715008595B0 /* Release */,
			);
			defaultConfigurationIsVisible = 0;
			defaultConfigurationName = Release;
		};
		85CF0F1F261D8715008595B0 /* Build configuration list for PBXNativeTarget "SwitchSnake" */ = {
			isa = XCConfigurationList;
			buildConfigurations = (
				85CF0F20261D8715008595B0 /* Debug */,
				85CF0F21261D8715008595B0 /* Release */,
			);
			defaultConfigurationIsVisible = 0;
			defaultConfigurationName = Release;
		};
/* End XCConfigurationList section */
	};
	rootObject = 85CF0F07261D8712008595B0 /* Project object */;
}
